<Solution>
  <Folder Name="/src/">
    <Project Path="src/Comments.Api/Comments.Api.csproj" />
    <Project Path="src/Comments.Application/Comments.Application.csproj" />
    <Project Path="src/Comments.Domain/Comments.Domain.csproj" />
    <Project Path="src/Comments.Infrastructure/Comments.Infrastructure.csproj" />
    <Project Path="src/Comments.Worker/Comments.Worker.csproj" />
  </Folder>
  <Folder Name="/tests/">
    <Project Path="tests/Comments.IntegrationTests/Comments.IntegrationTests.csproj" />
    <Project Path="tests/Comments.LoadTests/Comments.LoadTests.csproj" />
    <Project Path="tests/Comments.UnitTests/Comments.UnitTests.csproj" />
  </Folder>
  <Folder Name="/tools/">
    <Project Path="tools/Comments.Seeder/Comments.Seeder.csproj" />
  </Folder>
</Solution>
